
Microsoft Visual Studio Solution File, Format Version 12.00
# Visual Studio 15
VisualStudioVersion = 15.0.27703.2026
MinimumVisualStudioVersion = 10.0.40219.1
Project("{FAE04EC0-301F-11D3-BF4B-00C04F79EFBC}") = "program1ftidy", "program1ftidy\program1ftidy.csproj", "{6C807F61-6AFE-425C-A60A-1F82739416DB}"
EndProject
Global
	GlobalSection(SolutionConfigurationPlatforms) = preSolution
		Debug|Any CPU = Debug|Any CPU
		Release|Any CPU = Release|Any CPU
	EndGlobalSection
	GlobalSection(ProjectConfigurationPlatforms) = postSolution
		{6C807F61-6AFE-425C-A60A-1F82739416DB}.Debug|Any CPU.ActiveCfg = Debug|Any CPU
		{6C807F61-6AFE-425C-A60A-1F82739416DB}.Debug|Any CPU.Build.0 = Debug|Any CPU
		{6C807F61-6AFE-425C-A60A-1F82739416DB}.Release|Any CPU.ActiveCfg = Release|Any CPU
		{6C807F61-6AFE-425C-A60A-1F82739416DB}.Release|Any CPU.Build.0 = Release|Any CPU
	EndGlobalSection
	GlobalSection(SolutionProperties) = preSolution
		HideSolutionNode = FALSE
	EndGlobalSection
	GlobalSection(ExtensibilityGlobals) = postSolution
		SolutionGuid = {55DFC14B-04C6-4CBC-974E-39CDEB9A89A9}
	EndGlobalSection
EndGlobal
